
Microsoft Visual Studio Solution File, Format Version 12.00
# Visual Studio Version 17
VisualStudioVersion = 17.6.33723.286
MinimumVisualStudioVersion = 10.0.40219.1
Project("{9A19103F-16F7-4668-BE54-9A1E7A4F7556}") = "StoreManagementSystem", "StoreManagementSystem\StoreManagementSystem.csproj", "{8BDD2E6E-AAF6-492D-A5F0-92709BED593F}"
EndProject
Project("{9A19103F-16F7-4668-BE54-9A1E7A4F7556}") = "StoreManagementSystem.Common", "StoreManagementSystem.Common\StoreManagementSystem.Common.csproj", "{5F44AB67-37CD-4E1F-A4ED-97F24802D069}"
EndProject
Project("{9A19103F-16F7-4668-BE54-9A1E7A4F7556}") = "StoreManagementSystem.Core", "StoreManagementSystem.Core\StoreManagementSystem.Core.csproj", "{CACD03B6-2515-461D-B374-5087CB513493}"
EndProject
Project("{9A19103F-16F7-4668-BE54-9A1E7A4F7556}") = "StoreManagementSystem.Data", "StoreManagementSystem.Data\StoreManagementSystem.Data.csproj", "{0AAAE633-5537-43A2-9161-DB23CA9DC2A8}"
EndProject
Project("{FAE04EC0-301F-11D3-BF4B-00C04F79EFBC}") = "StoreManagementSystem.API", "StoreManagementSystem.API\StoreManagementSystem.API.csproj", "{7DFD8381-658A-46C9-827E-D41F1C3FCA6B}"
EndProject
Global
	GlobalSection(SolutionConfigurationPlatforms) = preSolution
		Debug|Any CPU = Debug|Any CPU
		Release|Any CPU = Release|Any CPU
	EndGlobalSection
	GlobalSection(ProjectConfigurationPlatforms) = postSolution
		{8BDD2E6E-AAF6-492D-A5F0-92709BED593F}.Debug|Any CPU.ActiveCfg = Debug|Any CPU
		{8BDD2E6E-AAF6-492D-A5F0-92709BED593F}.Debug|Any CPU.Build.0 = Debug|Any CPU
		{8BDD2E6E-AAF6-492D-A5F0-92709BED593F}.Release|Any CPU.ActiveCfg = Release|Any CPU
		{8BDD2E6E-AAF6-492D-A5F0-92709BED593F}.Release|Any CPU.Build.0 = Release|Any CPU
		{5F44AB67-37CD-4E1F-A4ED-97F24802D069}.Debug|Any CPU.ActiveCfg = Debug|Any CPU
		{5F44AB67-37CD-4E1F-A4ED-97F24802D069}.Debug|Any CPU.Build.0 = Debug|Any CPU
		{5F44AB67-37CD-4E1F-A4ED-97F24802D069}.Release|Any CPU.ActiveCfg = Release|Any CPU
		{5F44AB67-37CD-4E1F-A4ED-97F24802D069}.Release|Any CPU.Build.0 = Release|Any CPU
		{CACD03B6-2515-461D-B374-5087CB513493}.Debug|Any CPU.ActiveCfg = Debug|Any CPU
		{CACD03B6-2515-461D-B374-5087CB513493}.Debug|Any CPU.Build.0 = Debug|Any CPU
		{CACD03B6-2515-461D-B374-5087CB513493}.Release|Any CPU.ActiveCfg = Release|Any CPU
		{CACD03B6-2515-461D-B374-5087CB513493}.Release|Any CPU.Build.0 = Release|Any CPU
		{0AAAE633-5537-43A2-9161-DB23CA9DC2A8}.Debug|Any CPU.ActiveCfg = Debug|Any CPU
		{0AAAE633-5537-43A2-9161-DB23CA9DC2A8}.Debug|Any CPU.Build.0 = Debug|Any CPU
		{0AAAE633-5537-43A2-9161-DB23CA9DC2A8}.Release|Any CPU.ActiveCfg = Release|Any CPU
		{0AAAE633-5537-43A2-9161-DB23CA9DC2A8}.Release|Any CPU.Build.0 = Release|Any CPU
		{7DFD8381-658A-46C9-827E-D41F1C3FCA6B}.Debug|Any CPU.ActiveCfg = Debug|Any CPU
		{7DFD8381-658A-46C9-827E-D41F1C3FCA6B}.Debug|Any CPU.Build.0 = Debug|Any CPU
		{7DFD8381-658A-46C9-827E-D41F1C3FCA6B}.Release|Any CPU.ActiveCfg = Release|Any CPU
		{7DFD8381-658A-46C9-827E-D41F1C3FCA6B}.Release|Any CPU.Build.0 = Release|Any CPU
	EndGlobalSection
	GlobalSection(SolutionProperties) = preSolution
		HideSolutionNode = FALSE
	EndGlobalSection
	GlobalSection(ExtensibilityGlobals) = postSolution
		SolutionGuid = {9089AB51-1F07-49B0-A9A6-58A299FAB5A2}
	EndGlobalSection
EndGlobal
